
Microsoft Visual Studio Solution File, Format Version 12.00
Project("{FAE04EC0-301F-11D3-BF4B-00C04F79EFBC}") = "1.API", "1.API\1.API.csproj", "{BCB0D64F-CCC9-429A-BBE2-FDAFE5BBAB69}"
EndProject
Project("{FAE04EC0-301F-11D3-BF4B-00C04F79EFBC}") = "2.Domain", "2.Domain\2.Domain.csproj", "{33A0EFA4-073B-4999-97A4-1DECADB5F8D1}"
EndProject
Project("{FAE04EC0-301F-11D3-BF4B-00C04F79EFBC}") = "3.Data", "3.Data\3.Data.csproj", "{5D1AEA7A-8D7F-4990-AB50-3E9002EDA40E}"
EndProject
Project("{FAE04EC0-301F-11D3-BF4B-00C04F79EFBC}") = "1.API_UNITTEST", "1.API_UNITTEST\1.API_UNITTEST.csproj", "{018E16B0-BAAD-4B3D-B205-BE3FDEF299A4}"
EndProject
Project("{FAE04EC0-301F-11D3-BF4B-00C04F79EFBC}") = "2.Domain_UNITTEST", "2.Domain_UNITTEST\2.Domain_UNITTEST.csproj", "{72251156-D4F1-4FAF-B856-184C228BE69B}"
EndProject
Project("{FAE04EC0-301F-11D3-BF4B-00C04F79EFBC}") = "3.Data_UNITTEST", "3.Data_UNITTEST\3.Data_UNITTEST.csproj", "{897ED09C-FB1D-46EF-AD70-437332E7763D}"
EndProject
Global
	GlobalSection(SolutionConfigurationPlatforms) = preSolution
		Debug|Any CPU = Debug|Any CPU
		Release|Any CPU = Release|Any CPU
	EndGlobalSection
	GlobalSection(ProjectConfigurationPlatforms) = postSolution
		{BCB0D64F-CCC9-429A-BBE2-FDAFE5BBAB69}.Debug|Any CPU.ActiveCfg = Debug|Any CPU
		{BCB0D64F-CCC9-429A-BBE2-FDAFE5BBAB69}.Debug|Any CPU.Build.0 = Debug|Any CPU
		{BCB0D64F-CCC9-429A-BBE2-FDAFE5BBAB69}.Release|Any CPU.ActiveCfg = Release|Any CPU
		{BCB0D64F-CCC9-429A-BBE2-FDAFE5BBAB69}.Release|Any CPU.Build.0 = Release|Any CPU
		{33A0EFA4-073B-4999-97A4-1DECADB5F8D1}.Debug|Any CPU.ActiveCfg = Debug|Any CPU
		{33A0EFA4-073B-4999-97A4-1DECADB5F8D1}.Debug|Any CPU.Build.0 = Debug|Any CPU
		{33A0EFA4-073B-4999-97A4-1DECADB5F8D1}.Release|Any CPU.ActiveCfg = Release|Any CPU
		{33A0EFA4-073B-4999-97A4-1DECADB5F8D1}.Release|Any CPU.Build.0 = Release|Any CPU
		{5D1AEA7A-8D7F-4990-AB50-3E9002EDA40E}.Debug|Any CPU.ActiveCfg = Debug|Any CPU
		{5D1AEA7A-8D7F-4990-AB50-3E9002EDA40E}.Debug|Any CPU.Build.0 = Debug|Any CPU
		{5D1AEA7A-8D7F-4990-AB50-3E9002EDA40E}.Release|Any CPU.ActiveCfg = Release|Any CPU
		{5D1AEA7A-8D7F-4990-AB50-3E9002EDA40E}.Release|Any CPU.Build.0 = Release|Any CPU
		{018E16B0-BAAD-4B3D-B205-BE3FDEF299A4}.Debug|Any CPU.ActiveCfg = Debug|Any CPU
		{018E16B0-BAAD-4B3D-B205-BE3FDEF299A4}.Debug|Any CPU.Build.0 = Debug|Any CPU
		{018E16B0-BAAD-4B3D-B205-BE3FDEF299A4}.Release|Any CPU.ActiveCfg = Release|Any CPU
		{018E16B0-BAAD-4B3D-B205-BE3FDEF299A4}.Release|Any CPU.Build.0 = Release|Any CPU
		{72251156-D4F1-4FAF-B856-184C228BE69B}.Debug|Any CPU.ActiveCfg = Debug|Any CPU
		{72251156-D4F1-4FAF-B856-184C228BE69B}.Debug|Any CPU.Build.0 = Debug|Any CPU
		{72251156-D4F1-4FAF-B856-184C228BE69B}.Release|Any CPU.ActiveCfg = Release|Any CPU
		{72251156-D4F1-4FAF-B856-184C228BE69B}.Release|Any CPU.Build.0 = Release|Any CPU
		{897ED09C-FB1D-46EF-AD70-437332E7763D}.Debug|Any CPU.ActiveCfg = Debug|Any CPU
		{897ED09C-FB1D-46EF-AD70-437332E7763D}.Debug|Any CPU.Build.0 = Debug|Any CPU
		{897ED09C-FB1D-46EF-AD70-437332E7763D}.Release|Any CPU.ActiveCfg = Release|Any CPU
		{897ED09C-FB1D-46EF-AD70-437332E7763D}.Release|Any CPU.Build.0 = Release|Any CPU
	EndGlobalSection
EndGlobal
